
Microsoft Visual Studio Solution File, Format Version 12.00
# Visual Studio 2012
Project("{FAE04EC0-301F-11D3-BF4B-00C04F79EFBC}") = "SOLES2", "SOLES2\SOLES2.csproj", "{AD277DE9-ADB6-48CB-83BB-685681E34C69}"
EndProject
Global
	GlobalSection(SolutionConfigurationPlatforms) = preSolution
		Debug|Any CPU = Debug|Any CPU
		Release|Any CPU = Release|Any CPU
	EndGlobalSection
	GlobalSection(ProjectConfigurationPlatforms) = postSolution
		{AD277DE9-ADB6-48CB-83BB-685681E34C69}.Debug|Any CPU.ActiveCfg = Debug|Any CPU
		{AD277DE9-ADB6-48CB-83BB-685681E34C69}.Debug|Any CPU.Build.0 = Debug|Any CPU
		{AD277DE9-ADB6-48CB-83BB-685681E34C69}.Release|Any CPU.ActiveCfg = Release|Any CPU
		{AD277DE9-ADB6-48CB-83BB-685681E34C69}.Release|Any CPU.Build.0 = Release|Any CPU
	EndGlobalSection
	GlobalSection(SolutionProperties) = preSolution
		HideSolutionNode = FALSE
	EndGlobalSection
EndGlobal
